
Microsoft Visual Studio Solution File, Format Version 12.00
# Visual Studio 14
VisualStudioVersion = 14.0.25420.1
MinimumVisualStudioVersion = 10.0.40219.1
Project("{FAE04EC0-301F-11D3-BF4B-00C04F79EFBC}") = "Tests", "Tests\Tests.csproj", "{52F988CD-FB66-4EB2-AD5D-21D49AF54EC8}"
EndProject
Project("{FAE04EC0-301F-11D3-BF4B-00C04F79EFBC}") = "DataContainers", "DataContainers\DataContainers.csproj", "{3277FB96-2C85-4498-97C4-0FF3A3D7997C}"
EndProject
Project("{2150E333-8FDC-42A3-9474-1A3956D46DE8}") = "UI", "UI", "{1277368A-1E10-41CB-A6D9-BE95C2E56E30}"
EndProject
Project("{FAE04EC0-301F-11D3-BF4B-00C04F79EFBC}") = "UI.Core", "UI.Core\UI.Core.csproj", "{7EF86233-6BB1-470D-992B-56E6FD025177}"
EndProject
Global
	GlobalSection(SolutionConfigurationPlatforms) = preSolution
		Debug|Any CPU = Debug|Any CPU
		Release|Any CPU = Release|Any CPU
	EndGlobalSection
	GlobalSection(ProjectConfigurationPlatforms) = postSolution
		{52F988CD-FB66-4EB2-AD5D-21D49AF54EC8}.Debug|Any CPU.ActiveCfg = Debug|Any CPU
		{52F988CD-FB66-4EB2-AD5D-21D49AF54EC8}.Debug|Any CPU.Build.0 = Debug|Any CPU
		{52F988CD-FB66-4EB2-AD5D-21D49AF54EC8}.Release|Any CPU.ActiveCfg = Release|Any CPU
		{52F988CD-FB66-4EB2-AD5D-21D49AF54EC8}.Release|Any CPU.Build.0 = Release|Any CPU
		{3277FB96-2C85-4498-97C4-0FF3A3D7997C}.Debug|Any CPU.ActiveCfg = Debug|Any CPU
		{3277FB96-2C85-4498-97C4-0FF3A3D7997C}.Debug|Any CPU.Build.0 = Debug|Any CPU
		{3277FB96-2C85-4498-97C4-0FF3A3D7997C}.Release|Any CPU.ActiveCfg = Release|Any CPU
		{3277FB96-2C85-4498-97C4-0FF3A3D7997C}.Release|Any CPU.Build.0 = Release|Any CPU
		{7EF86233-6BB1-470D-992B-56E6FD025177}.Debug|Any CPU.ActiveCfg = Debug|Any CPU
		{7EF86233-6BB1-470D-992B-56E6FD025177}.Debug|Any CPU.Build.0 = Debug|Any CPU
		{7EF86233-6BB1-470D-992B-56E6FD025177}.Release|Any CPU.ActiveCfg = Release|Any CPU
		{7EF86233-6BB1-470D-992B-56E6FD025177}.Release|Any CPU.Build.0 = Release|Any CPU
	EndGlobalSection
	GlobalSection(SolutionProperties) = preSolution
		HideSolutionNode = FALSE
	EndGlobalSection
	GlobalSection(NestedProjects) = preSolution
		{7EF86233-6BB1-470D-992B-56E6FD025177} = {1277368A-1E10-41CB-A6D9-BE95C2E56E30}
	EndGlobalSection
EndGlobal
